
Microsoft Visual Studio Solution File, Format Version 12.00
# Visual Studio Version 16
VisualStudioVersion = 16.0.29613.14
MinimumVisualStudioVersion = 10.0.40219.1
Project("{FAE04EC0-301F-11D3-BF4B-00C04F79EFBC}") = "TipCalculator", "TipCalculator\TipCalculator.csproj", "{2F411B0C-9FA2-4DD7-A887-2E8D97FD41FC}"
EndProject
Global
	GlobalSection(SolutionConfigurationPlatforms) = preSolution
		Debug|Any CPU = Debug|Any CPU
		Release|Any CPU = Release|Any CPU
	EndGlobalSection
	GlobalSection(ProjectConfigurationPlatforms) = postSolution
		{2F411B0C-9FA2-4DD7-A887-2E8D97FD41FC}.Debug|Any CPU.ActiveCfg = Debug|Any CPU
		{2F411B0C-9FA2-4DD7-A887-2E8D97FD41FC}.Debug|Any CPU.Build.0 = Debug|Any CPU
		{2F411B0C-9FA2-4DD7-A887-2E8D97FD41FC}.Release|Any CPU.ActiveCfg = Release|Any CPU
		{2F411B0C-9FA2-4DD7-A887-2E8D97FD41FC}.Release|Any CPU.Build.0 = Release|Any CPU
	EndGlobalSection
	GlobalSection(SolutionProperties) = preSolution
		HideSolutionNode = FALSE
	EndGlobalSection
	GlobalSection(ExtensibilityGlobals) = postSolution
		SolutionGuid = {B1A19EB3-43F4-48A3-9ED5-930F6FFD79C2}
	EndGlobalSection
EndGlobal
